
Microsoft Visual Studio Solution File, Format Version 12.00
# Visual Studio Version 17
VisualStudioVersion = 17.8.34330.188
MinimumVisualStudioVersion = 10.0.40219.1
Project("{9A19103F-16F7-4668-BE54-9A1E7A4F7556}") = "PriceListEditor", "PriceListEditor\PriceListEditor.csproj", "{BAC1F290-BB2B-4648-9808-B3B5451BF38F}"
EndProject
Project("{FAE04EC0-301F-11D3-BF4B-00C04F79EFBC}") = "PriceListEditor.Tests", "PriceListEditor.Tests\PriceListEditor.Tests.csproj", "{969E5B13-B247-4132-B008-00AFF2180A9F}"
EndProject
Global
	GlobalSection(SolutionConfigurationPlatforms) = preSolution
		Debug|Any CPU = Debug|Any CPU
		Release|Any CPU = Release|Any CPU
	EndGlobalSection
	GlobalSection(ProjectConfigurationPlatforms) = postSolution
		{BAC1F290-BB2B-4648-9808-B3B5451BF38F}.Debug|Any CPU.ActiveCfg = Debug|Any CPU
		{BAC1F290-BB2B-4648-9808-B3B5451BF38F}.Debug|Any CPU.Build.0 = Debug|Any CPU
		{BAC1F290-BB2B-4648-9808-B3B5451BF38F}.Release|Any CPU.ActiveCfg = Release|Any CPU
		{BAC1F290-BB2B-4648-9808-B3B5451BF38F}.Release|Any CPU.Build.0 = Release|Any CPU
		{969E5B13-B247-4132-B008-00AFF2180A9F}.Debug|Any CPU.ActiveCfg = Debug|Any CPU
		{969E5B13-B247-4132-B008-00AFF2180A9F}.Debug|Any CPU.Build.0 = Debug|Any CPU
		{969E5B13-B247-4132-B008-00AFF2180A9F}.Release|Any CPU.ActiveCfg = Release|Any CPU
		{969E5B13-B247-4132-B008-00AFF2180A9F}.Release|Any CPU.Build.0 = Release|Any CPU
	EndGlobalSection
	GlobalSection(SolutionProperties) = preSolution
		HideSolutionNode = FALSE
	EndGlobalSection
	GlobalSection(ExtensibilityGlobals) = postSolution
		SolutionGuid = {A12B0CE1-AC67-44D2-8D33-4F59AED583D6}
	EndGlobalSection
EndGlobal
